<?xml version="1.0" encoding="utf-8"?>
<Project ToolsVersion="4.0" xmlns="http://schemas.microsoft.com/developer/msbuild/2003">
  <ItemGroup>
    <Filter Include="소스 파일">
      <UniqueIdentifier>{4FC737F1-C7A5-4376-A066-2A32D752A2FF}</UniqueIdentifier>
      <Extensions>cpp;c;cc;cxx;c++;cppm;ixx;def;odl;idl;hpj;bat;asm;asmx</Extensions>
    </Filter>
    <Filter Include="헤더 파일">
      <UniqueIdentifier>{93995380-89BD-4b04-88EB-625FBE52EBFB}</UniqueIdentifier>
      <Extensions>h;hh;hpp;hxx;h++;hm;inl;inc;ipp;xsd</Extensions>
    </Filter>
    <Filter Include="리소스 파일">
      <UniqueIdentifier>{67DA6AB6-F800-4c08-8B7A-83BB121AAD01}</UniqueIdentifier>
      <Extensions>rc;ico;cur;bmp;dlg;rc2;rct;bin;rgs;gif;jpg;jpeg;jpe;resx;tiff;tif;png;wav;mfcribbon-ms</Extensions>
    </Filter>
    <Filter Include="2019180016">
      <UniqueIdentifier>{e5f79fe1-d349-4eef-b06a-380d48e4f209}</UniqueIdentifier>
    </Filter>
    <Filter Include="2019180016\Header">
      <UniqueIdentifier>{6f3a1b73-e5b7-4e3e-b588-0746055d9597}</UniqueIdentifier>
    </Filter>
    <Filter Include="2019180016\Source">
      <UniqueIdentifier>{d82f6465-9e75-4aab-90c7-17bc97b98a17}</UniqueIdentifier>
    </Filter>
  </ItemGroup>
  <ItemGroup>
    <ClInclude Include="stdafx.h">
      <Filter>헤더 파일</Filter>
    </ClInclude>
    <ClInclude Include="targetver.h">
      <Filter>헤더 파일</Filter>
    </ClInclude>
    <ClInclude Include="Resource.h">
      <Filter>헤더 파일</Filter>
    </ClInclude>
    <ClInclude Include="NGP_TermProject.h">
      <Filter>헤더 파일</Filter>
    </ClInclude>
    <ClInclude Include="GameFramework.h">
      <Filter>헤더 파일</Filter>
    </ClInclude>
    <ClInclude Include="Packet.h">
      <Filter>헤더 파일</Filter>
    </ClInclude>
    <ClInclude Include="EventType.h">
      <Filter>헤더 파일</Filter>
    </ClInclude>
    <ClInclude Include="Card.h">
      <Filter>2019180016\Header</Filter>
    </ClInclude>
    <ClInclude Include="Monster.h">
      <Filter>2019180016\Header</Filter>
    </ClInclude>
    <ClInclude Include="Object.h">
      <Filter>헤더 파일</Filter>
    </ClInclude>
    <ClInclude Include="Wolf.h">
      <Filter>2019180016\Header</Filter>
    </ClInclude>
    <ClInclude Include="Bat.h">
      <Filter>2019180016\Header</Filter>
    </ClInclude>
    <ClInclude Include="Papyrus.h">
      <Filter>2019180016\Header</Filter>
    </ClInclude>
    <ClInclude Include="CommonMonster.h">
      <Filter>2019180016\Header</Filter>
    </ClInclude>
  </ItemGroup>
  <ItemGroup>
    <ClCompile Include="NGP_TermProject.cpp">
      <Filter>소스 파일</Filter>
    </ClCompile>
    <ClCompile Include="stdafx.cpp">
      <Filter>소스 파일</Filter>
    </ClCompile>
    <ClCompile Include="GameFramework.cpp">
      <Filter>소스 파일</Filter>
    </ClCompile>
    <ClCompile Include="Packet.cpp">
      <Filter>소스 파일</Filter>
    </ClCompile>
    <ClCompile Include="Card.cpp">
      <Filter>2019180016\Source</Filter>
    </ClCompile>
    <ClCompile Include="Monster.cpp">
      <Filter>2019180016\Source</Filter>
    </ClCompile>
    <ClCompile Include="Object.cpp">
      <Filter>소스 파일</Filter>
    </ClCompile>
    <ClCompile Include="Wolf.cpp">
      <Filter>2019180016\Source</Filter>
    </ClCompile>
    <ClCompile Include="Bat.cpp">
      <Filter>2019180016\Source</Filter>
    </ClCompile>
    <ClCompile Include="Papyrus.cpp">
      <Filter>2019180016\Source</Filter>
    </ClCompile>
    <ClCompile Include="CommonMonster.cpp">
      <Filter>2019180016\Source</Filter>
    </ClCompile>
  </ItemGroup>
  <ItemGroup>
    <ResourceCompile Include="NGP_TermProject.rc">
      <Filter>리소스 파일</Filter>
    </ResourceCompile>
  </ItemGroup>
  <ItemGroup>
    <Image Include="small.ico">
      <Filter>리소스 파일</Filter>
    </Image>
    <Image Include="NGP_TermProject.ico">
      <Filter>리소스 파일</Filter>
    </Image>
  </ItemGroup>
</Project>