<?xml version="1.0" encoding="utf-8"?>
<Project ToolsVersion="4.0" xmlns="http://schemas.microsoft.com/developer/msbuild/2003">
  <ItemGroup>
    <ClCompile Include="Bone.cpp">
      <Filter>2019180016\Source</Filter>
    </ClCompile>
    <ClCompile Include="Bat.cpp">
      <Filter>2019180016\Source</Filter>
    </ClCompile>
    <ClCompile Include="Card.cpp">
      <Filter>2019180016\Source</Filter>
    </ClCompile>
    <ClCompile Include="CommonMonster.cpp">
      <Filter>2019180016\Source</Filter>
    </ClCompile>
    <ClCompile Include="Monster.cpp">
      <Filter>2019180016\Source</Filter>
    </ClCompile>
    <ClCompile Include="OtherCard.cpp">
      <Filter>2019180016\Source</Filter>
    </ClCompile>
    <ClCompile Include="Papyrus.cpp">
      <Filter>2019180016\Source</Filter>
    </ClCompile>
    <ClCompile Include="Random.cpp">
      <Filter>2019180016\Source</Filter>
    </ClCompile>
    <ClCompile Include="Wolf.cpp">
      <Filter>2019180016\Source</Filter>
    </ClCompile>
    <ClCompile Include="GameFramework.cpp">
      <Filter>2019182009\소스 파일</Filter>
    </ClCompile>
    <ClCompile Include="NGP_TermProject.cpp">
      <Filter>2019182009\소스 파일</Filter>
    </ClCompile>
    <ClCompile Include="Object.cpp">
      <Filter>2019182009\소스 파일</Filter>
    </ClCompile>
    <ClCompile Include="Packet.cpp">
      <Filter>2019182009\소스 파일</Filter>
    </ClCompile>
    <ClCompile Include="Player.cpp">
      <Filter>2019182009\소스 파일</Filter>
    </ClCompile>
    <ClCompile Include="PlayerOwnedStates.cpp">
      <Filter>2019182009\소스 파일</Filter>
    </ClCompile>
    <ClCompile Include="Scene.cpp">
      <Filter>2019182009\소스 파일</Filter>
    </ClCompile>
    <ClCompile Include="stdafx.cpp">
      <Filter>2019182009\소스 파일</Filter>
    </ClCompile>
    <ClCompile Include="Castle.cpp">
      <Filter>2019180016\Source</Filter>
    </ClCompile>
    <ClCompile Include="CastleInteraction.cpp">
      <Filter>2019180016\Interaction</Filter>
    </ClCompile>
  </ItemGroup>
  <ItemGroup>
    <ClInclude Include="Bat.h">
      <Filter>2019180016\Header</Filter>
    </ClInclude>
    <ClInclude Include="Bone.h">
      <Filter>2019180016\Header</Filter>
    </ClInclude>
    <ClInclude Include="Card.h">
      <Filter>2019180016\Header</Filter>
    </ClInclude>
    <ClInclude Include="CommonMonster.h">
      <Filter>2019180016\Header</Filter>
    </ClInclude>
    <ClInclude Include="Monster.h">
      <Filter>2019180016\Header</Filter>
    </ClInclude>
    <ClInclude Include="OtherCard.h">
      <Filter>2019180016\Header</Filter>
    </ClInclude>
    <ClInclude Include="Papyrus.h">
      <Filter>2019180016\Header</Filter>
    </ClInclude>
    <ClInclude Include="Random.h">
      <Filter>2019180016\Header</Filter>
    </ClInclude>
    <ClInclude Include="Wolf.h">
      <Filter>2019180016\Header</Filter>
    </ClInclude>
    <ClInclude Include="EventType.h">
      <Filter>2019182009\헤더 파일</Filter>
    </ClInclude>
    <ClInclude Include="GameFramework.h">
      <Filter>2019182009\헤더 파일</Filter>
    </ClInclude>
    <ClInclude Include="NGP_TermProject.h">
      <Filter>2019182009\헤더 파일</Filter>
    </ClInclude>
    <ClInclude Include="Packet.h">
      <Filter>2019182009\헤더 파일</Filter>
    </ClInclude>
    <ClInclude Include="Object.h">
      <Filter>2019182009\헤더 파일</Filter>
    </ClInclude>
    <ClInclude Include="Player.h">
      <Filter>2019182009\헤더 파일</Filter>
    </ClInclude>
    <ClInclude Include="Resource.h">
      <Filter>2019182009\헤더 파일</Filter>
    </ClInclude>
    <ClInclude Include="PlayerOwnedStates.h">
      <Filter>2019182009\헤더 파일</Filter>
    </ClInclude>
    <ClInclude Include="Scene.h">
      <Filter>2019182009\헤더 파일</Filter>
    </ClInclude>
    <ClInclude Include="State.h">
      <Filter>2019182009\헤더 파일</Filter>
    </ClInclude>
    <ClInclude Include="StateMachine.h">
      <Filter>2019182009\헤더 파일</Filter>
    </ClInclude>
    <ClInclude Include="stdafx.h">
      <Filter>2019182009\헤더 파일</Filter>
    </ClInclude>
    <ClInclude Include="targetver.h">
      <Filter>2019182009\헤더 파일</Filter>
    </ClInclude>
    <ClInclude Include="Castle.h">
      <Filter>2019180016\Header</Filter>
    </ClInclude>
    <ClInclude Include="CastleInteraction.h">
      <Filter>2019180016\Interaction</Filter>
    </ClInclude>
  </ItemGroup>
  <ItemGroup>
    <ResourceCompile Include="NGP_TermProject.rc" />
  </ItemGroup>
  <ItemGroup>
    <Image Include="NGP_TermProject.ico" />
    <Image Include="small.ico" />
  </ItemGroup>
  <ItemGroup>
    <Filter Include="2019180016">
      <UniqueIdentifier>{923c814f-4d6e-498c-8452-e3d47d4eb5f5}</UniqueIdentifier>
    </Filter>
    <Filter Include="2019180016\Source">
      <UniqueIdentifier>{598c4850-1288-4532-971f-081762e44a6e}</UniqueIdentifier>
    </Filter>
    <Filter Include="2019180016\Header">
      <UniqueIdentifier>{a742d424-bcd5-4660-b3c2-a26a79925001}</UniqueIdentifier>
    </Filter>
    <Filter Include="2019182009">
      <UniqueIdentifier>{2598d084-4349-49d0-a0d0-cba220318032}</UniqueIdentifier>
    </Filter>
    <Filter Include="2019182009\헤더 파일">
      <UniqueIdentifier>{d0e028df-291c-4026-b72d-0169ce604676}</UniqueIdentifier>
    </Filter>
    <Filter Include="2019182009\소스 파일">
      <UniqueIdentifier>{cd06199e-f7a0-44c0-9f8f-a09b7a99fcd1}</UniqueIdentifier>
    </Filter>
    <Filter Include="2019180016\Interaction">
      <UniqueIdentifier>{bfe5255a-35de-4d09-88ec-7c84878dc6cd}</UniqueIdentifier>
    </Filter>
  </ItemGroup>
</Project>